PODS:
  - Charts (3.0.5):
    - Charts/Core (= 3.0.5)
  - Charts/Core (3.0.5)
  - iOSDFULibrary (4.1.2):
    - Zip (~> 1.0)
  - IOSThingyLibrary (1.3.2):
    - iOSDFULibrary (~> 4.0)
  - Zip (1.1.0)

DEPENDENCIES:
  - Charts (~> 3)
  - iOSDFULibrary (~> 4.0)
  - IOSThingyLibrary (from `/Users/wsr/Documents/IOS-Nordic-Thingy`)

EXTERNAL SOURCES:
  IOSThingyLibrary:
    :path: /Users/wsr/Documents/IOS-Nordic-Thingy

SPEC CHECKSUMS:
  Charts: 45cdc985b764c838b35ee47eb1365d15735f6d1a
  iOSDFULibrary: 5a3c53b9c8e7a1303ec962c8e7bb4f30b1fd47b1
  IOSThingyLibrary: 3125b11552a87b5e700ada6cc8f1e4f1e2d3dcf9
  Zip: 8877eede3dda76bcac281225c20e71c25270774c

PODFILE CHECKSUM: 67eaac0fc54e803315a7f9838dcd6121d6ff8f29

COCOAPODS: 1.4.0
