PODS:
  - iOSDFULibrary (4.1.2):
    - Zip (~> 1.0)
  - IOSThingyLibrary (1.3.2):
    - iOSDFULibrary (~> 4.0)
  - Zip (1.1.0)

DEPENDENCIES:
  - iOSDFULibrary (~> 4.0)
  - IOSThingyLibrary (from `../IOS-Nordic-Thingy`)

EXTERNAL SOURCES:
  IOSThingyLibrary:
    :path: ../IOS-Nordic-Thingy

SPEC CHECKSUMS:
  iOSDFULibrary: 5a3c53b9c8e7a1303ec962c8e7bb4f30b1fd47b1
  IOSThingyLibrary: 3125b11552a87b5e700ada6cc8f1e4f1e2d3dcf9
  Zip: 8877eede3dda76bcac281225c20e71c25270774c

PODFILE CHECKSUM: a533ea2130626cbb191eca4ac18612c72253f130

COCOAPODS: 1.4.0
